// !$*UTF8*$!
{
	archiveVersion = 1;
	classes = {
	};
	objectVersion = 55;
	objects = {

/* Begin PBXBuildFile section */
		11753A672E861B9F003B055D /* petros_appApp.swift in Sources */ = {isa = PBXBuildFile; fileRef = 11753A662E861B9F003B055D /* petros_appApp.swift */; };
		11753A692E861B9F003B055D /* ContentView.swift in Sources */ = {isa = PBXBuildFile; fileRef = 11753A682E861B9F003B055D /* ContentView.swift */; };
		11753A6B2E861BA2003B055D /* Assets.xcassets in Resources */ = {isa = PBXBuildFile; fileRef = 11753A6A2E861BA2003B055D /* Assets.xcassets */; };
		11753A6E2E861BA2003B055D /* Preview Assets.xcassets in Resources */ = {isa = PBXBuildFile; fileRef = 11753A6D2E861BA2003B055D /* Preview Assets.xcassets */; };
		11753A782E861BA3003B055D /* petros_appTests.swift in Sources */ = {isa = PBXBuildFile; fileRef = 11753A772E861BA3003B055D /* petros_appTests.swift */; };
		11753A822E861BA3003B055D /* petros_appUITests.swift in Sources */ = {isa = PBXBuildFile; fileRef = 11753A812E861BA3003B055D /* petros_appUITests.swift */; };
		11753A842E861BA3003B055D /* petros_appUITestsLaunchTests.swift in Sources */ = {isa = PBXBuildFile; fileRef = 11753A832E861BA3003B055D /* petros_appUITestsLaunchTests.swift */; };
/* End PBXBuildFile section */

/* Begin PBXContainerItemProxy section */
		11753A742E861BA3003B055D /* PBXContainerItemProxy */ = {
			isa = PBXContainerItemProxy;
			containerPortal = 11753A5B2E861B9F003B055D /* Project object */;
			proxyType = 1;
			remoteGlobalIDString = 11753A622E861B9F003B055D;
			remoteInfo = "petros-app";
		};
		11753A7E2E861BA3003B055D /* PBXContainerItemProxy */ = {
			isa = PBXContainerItemProxy;
			containerPortal = 11753A5B2E861B9F003B055D /* Project object */;
			proxyType = 1;
			remoteGlobalIDString = 11753A622E861B9F003B055D;
			remoteInfo = "petros-app";
		};
/* End PBXContainerItemProxy section */

/* Begin PBXFileReference section */
		11753A632E861B9F003B055D /* petros-app.app */ = {isa = PBXFileReference; explicitFileType = wrapper.application; includeInIndex = 0; path = "petros-app.app"; sourceTree = BUILT_PRODUCTS_DIR; };
		11753A662E861B9F003B055D /* petros_appApp.swift */ = {isa = PBXFileReference; lastKnownFileType = sourcecode.swift; path = petros_appApp.swift; sourceTree = "<group>"; };
		11753A682E861B9F003B055D /* ContentView.swift */ = {isa = PBXFileReference; lastKnownFileType = sourcecode.swift; path = ContentView.swift; sourceTree = "<group>"; };
		11753A6A2E861BA2003B055D /* Assets.xcassets */ = {isa = PBXFileReference; lastKnownFileType = folder.assetcatalog; path = Assets.xcassets; sourceTree = "<group>"; };
		11753A6D2E861BA2003B055D /* Preview Assets.xcassets */ = {isa = PBXFileReference; lastKnownFileType = folder.assetcatalog; path = "Preview Assets.xcassets"; sourceTree = "<group>"; };
		11753A732E861BA3003B055D /* petros-appTests.xctest */ = {isa = PBXFileReference; explicitFileType = wrapper.cfbundle; includeInIndex = 0; path = "petros-appTests.xctest"; sourceTree = BUILT_PRODUCTS_DIR; };
		11753A772E861BA3003B055D /* petros_appTests.swift */ = {isa = PBXFileReference; lastKnownFileType = sourcecode.swift; path = petros_appTests.swift; sourceTree = "<group>"; };
		11753A7D2E861BA3003B055D /* petros-appUITests.xctest */ = {isa = PBXFileReference; explicitFileType = wrapper.cfbundle; includeInIndex = 0; path = "petros-appUITests.xctest"; sourceTree = BUILT_PRODUCTS_DIR; };
		11753A812E861BA3003B055D /* petros_appUITests.swift */ = {isa = PBXFileReference; lastKnownFileType = sourcecode.swift; path = petros_appUITests.swift; sourceTree = "<group>"; };
		11753A832E861BA3003B055D /* petros_appUITestsLaunchTests.swift */ = {isa = PBXFileReference; lastKnownFileType = sourcecode.swift; path = petros_appUITestsLaunchTests.swift; sourceTree = "<group>"; };
/* End PBXFileReference section */

/* Begin PBXFrameworksBuildPhase section */
		11753A602E861B9F003B055D /* Frameworks */ = {
			isa = PBXFrameworksBuildPhase;
			buildActionMask = 2147483647;
			files = (
			);
			runOnlyForDeploymentPostprocessing = 0;
		};
		11753A702E861BA3003B055D /* Frameworks */ = {
			isa = PBXFrameworksBuildPhase;
			buildActionMask = 2147483647;
			files = (
			);
			runOnlyForDeploymentPostprocessing = 0;
		};
		11753A7A2E861BA3003B055D /* Frameworks */ = {
			isa = PBXFrameworksBuildPhase;
			buildActionMask = 2147483647;
			files = (
			);
			runOnlyForDeploymentPostprocessing = 0;
		};
/* End PBXFrameworksBuildPhase section */

/* Begin PBXGroup section */
		11753A5A2E861B9F003B055D = {
			isa = PBXGroup;
			children = (
				11753A652E861B9F003B055D /* petros-app */,
				11753A762E861BA3003B055D /* petros-appTests */,
				11753A802E861BA3003B055D /* petros-appUITests */,
				11753A642E861B9F003B055D /* Products */,
			);
			sourceTree = "<group>";
		};
		11753A642E861B9F003B055D /* Products */ = {
			isa = PBXGroup;
			children = (
				11753A632E861B9F003B055D /* petros-app.app */,
				11753A732E861BA3003B055D /* petros-appTests.xctest */,
				11753A7D2E861BA3003B055D /* petros-appUITests.xctest */,
			);
			name = Products;
			sourceTree = "<group>";
		};
		11753A652E861B9F003B055D /* petros-app */ = {
			isa = PBXGroup;
			children = (
				11753A662E861B9F003B055D /* petros_appApp.swift */,
				11753A682E861B9F003B055D /* ContentView.swift */,
				11753A6A2E861BA2003B055D /* Assets.xcassets */,
				11753A6C2E861BA2003B055D /* Preview Content */,
			);
			path = "petros-app";
			sourceTree = "<group>";
		};
		11753A6C2E861BA2003B055D /* Preview Content */ = {
			isa = PBXGroup;
			children = (
				11753A6D2E861BA2003B055D /* Preview Assets.xcassets */,
			);
			path = "Preview Content";
			sourceTree = "<group>";
		};
		11753A762E861BA3003B055D /* petros-appTests */ = {
			isa = PBXGroup;
			children = (
				11753A772E861BA3003B055D /* petros_appTests.swift */,
			);
			path = "petros-appTests";
			sourceTree = "<group>";
		};
		11753A802E861BA3003B055D /* petros-appUITests */ = {
			isa = PBXGroup;
			children = (
				11753A812E861BA3003B055D /* petros_appUITests.swift */,
				11753A832E861BA3003B055D /* petros_appUITestsLaunchTests.swift */,
			);
			path = "petros-appUITests";
			sourceTree = "<group>";
		};
/* End PBXGroup section */

/* Begin PBXNativeTarget section */
		11753A622E861B9F003B055D /* petros-app */ = {
			isa = PBXNativeTarget;
			buildConfigurationList = 11753A872E861BA3003B055D /* Build configuration list for PBXNativeTarget "petros-app" */;
			buildPhases = (
				11753A5F2E861B9F003B055D /* Sources */,
				11753A602E861B9F003B055D /* Frameworks */,
				11753A612E861B9F003B055D /* Resources */,
			);
			buildRules = (
			);
			dependencies = (
			);
			name = "petros-app";
			productName = "petros-app";
			productReference = 11753A632E861B9F003B055D /* petros-app.app */;
			productType = "com.apple.product-type.application";
		};
		11753A722E861BA3003B055D /* petros-appTests */ = {
			isa = PBXNativeTarget;
			buildConfigurationList = 11753A8A2E861BA3003B055D /* Build configuration list for PBXNativeTarget "petros-appTests" */;
			buildPhases = (
				11753A6F2E861BA3003B055D /* Sources */,
				11753A702E861BA3003B055D /* Frameworks */,
				11753A712E861BA3003B055D /* Resources */,
			);
			buildRules = (
			);
			dependencies = (
				11753A752E861BA3003B055D /* PBXTargetDependency */,
			);
			name = "petros-appTests";
			productName = "petros-appTests";
			productReference = 11753A732E861BA3003B055D /* petros-appTests.xctest */;
			productType = "com.apple.product-type.bundle.unit-test";
		};
		11753A7C2E861BA3003B055D /* petros-appUITests */ = {
			isa = PBXNativeTarget;
			buildConfigurationList = 11753A8D2E861BA3003B055D /* Build configuration list for PBXNativeTarget "petros-appUITests" */;
			buildPhases = (
				11753A792E861BA3003B055D /* Sources */,
				11753A7A2E861BA3003B055D /* Frameworks */,
				11753A7B2E861BA3003B055D /* Resources */,
			);
			buildRules = (
			);
			dependencies = (
				11753A7F2E861BA3003B055D /* PBXTargetDependency */,
			);
			name = "petros-appUITests";
			productName = "petros-appUITests";
			productReference = 11753A7D2E861BA3003B055D /* petros-appUITests.xctest */;
			productType = "com.apple.product-type.bundle.ui-testing";
		};
/* End PBXNativeTarget section */

/* Begin PBXProject section */
		11753A5B2E861B9F003B055D /* Project object */ = {
			isa = PBXProject;
			attributes = {
				BuildIndependentTargetsInParallel = 1;
				LastSwiftUpdateCheck = 1320;
				LastUpgradeCheck = 1320;
				TargetAttributes = {
					11753A622E861B9F003B055D = {
						CreatedOnToolsVersion = 13.2.1;
					};
					11753A722E861BA3003B055D = {
						CreatedOnToolsVersion = 13.2.1;
						TestTargetID = 11753A622E861B9F003B055D;
					};
					11753A7C2E861BA3003B055D = {
						CreatedOnToolsVersion = 13.2.1;
						TestTargetID = 11753A622E861B9F003B055D;
					};
				};
			};
			buildConfigurationList = 11753A5E2E861B9F003B055D /* Build configuration list for PBXProject "petros-app" */;
			compatibilityVersion = "Xcode 13.0";
			developmentRegion = en;
			hasScannedForEncodings = 0;
			knownRegions = (
				en,
				Base,
			);
			mainGroup = 11753A5A2E861B9F003B055D;
			productRefGroup = 11753A642E861B9F003B055D /* Products */;
			projectDirPath = "";
			projectRoot = "";
			targets = (
				11753A622E861B9F003B055D /* petros-app */,
				11753A722E861BA3003B055D /* petros-appTests */,
				11753A7C2E861BA3003B055D /* petros-appUITests */,
			);
		};
/* End PBXProject section */

/* Begin PBXResourcesBuildPhase section */
		11753A612E861B9F003B055D /* Resources */ = {
			isa = PBXResourcesBuildPhase;
			buildActionMask = 2147483647;
			files = (
				11753A6E2E861BA2003B055D /* Preview Assets.xcassets in Resources */,
				11753A6B2E861BA2003B055D /* Assets.xcassets in Resources */,
			);
			runOnlyForDeploymentPostprocessing = 0;
		};
		11753A712E861BA3003B055D /* Resources */ = {
			isa = PBXResourcesBuildPhase;
			buildActionMask = 2147483647;
			files = (
			);
			runOnlyForDeploymentPostprocessing = 0;
		};
		11753A7B2E861BA3003B055D /* Resources */ = {
			isa = PBXResourcesBuildPhase;
			buildActionMask = 2147483647;
			files = (
			);
			runOnlyForDeploymentPostprocessing = 0;
		};
/* End PBXResourcesBuildPhase section */

/* Begin PBXSourcesBuildPhase section */
		11753A5F2E861B9F003B055D /* Sources */ = {
			isa = PBXSourcesBuildPhase;
			buildActionMask = 2147483647;
			files = (
				11753A692E861B9F003B055D /* ContentView.swift in Sources */,
				11753A672E861B9F003B055D /* petros_appApp.swift in Sources */,
			);
			runOnlyForDeploymentPostprocessing = 0;
		};
		11753A6F2E861BA3003B055D /* Sources */ = {
			isa = PBXSourcesBuildPhase;
			buildActionMask = 2147483647;
			files = (
				11753A782E861BA3003B055D /* petros_appTests.swift in Sources */,
			);
			runOnlyForDeploymentPostprocessing = 0;
		};
		11753A792E861BA3003B055D /* Sources */ = {
			isa = PBXSourcesBuildPhase;
			buildActionMask = 2147483647;
			files = (
				11753A822E861BA3003B055D /* petros_appUITests.swift in Sources */,
				11753A842E861BA3003B055D /* petros_appUITestsLaunchTests.swift in Sources */,
			);
			runOnlyForDeploymentPostprocessing = 0;
		};
/* End PBXSourcesBuildPhase section */

/* Begin PBXTargetDependency section */
		11753A752E861BA3003B055D /* PBXTargetDependency */ = {
			isa = PBXTargetDependency;
			target = 11753A622E861B9F003B055D /* petros-app */;
			targetProxy = 11753A742E861BA3003B055D /* PBXContainerItemProxy */;
		};
		11753A7F2E861BA3003B055D /* PBXTargetDependency */ = {
			isa = PBXTargetDependency;
			target = 11753A622E861B9F003B055D /* petros-app */;
			targetProxy = 11753A7E2E861BA3003B055D /* PBXContainerItemProxy */;
		};
/* End PBXTargetDependency section */

/* Begin XCBuildConfiguration section */
		11753A852E861BA3003B055D /* Debug */ = {
			isa = XCBuildConfiguration;
			buildSettings = {
				ALWAYS_SEARCH_USER_PATHS = NO;
				CLANG_ANALYZER_NONNULL = YES;
				CLANG_ANALYZER_NUMBER_OBJECT_CONVERSION = YES_AGGRESSIVE;
				CLANG_CXX_LANGUAGE_STANDARD = "gnu++17";
				CLANG_CXX_LIBRARY = "libc++";
				CLANG_ENABLE_MODULES = YES;
				CLANG_ENABLE_OBJC_ARC = YES;
				CLANG_ENABLE_OBJC_WEAK = YES;
				CLANG_WARN_BLOCK_CAPTURE_AUTORELEASING = YES;
				CLANG_WARN_BOOL_CONVERSION = YES;
				CLANG_WARN_COMMA = YES;
				CLANG_WARN_CONSTANT_CONVERSION = YES;
				CLANG_WARN_DEPRECATED_OBJC_IMPLEMENTATIONS = YES;
				CLANG_WARN_DIRECT_OBJC_ISA_USAGE = YES_ERROR;
				CLANG_WARN_DOCUMENTATION_COMMENTS = YES;
				CLANG_WARN_EMPTY_BODY = YES;
				CLANG_WARN_ENUM_CONVERSION = YES;
				CLANG_WARN_INFINITE_RECURSION = YES;
				CLANG_WARN_INT_CONVERSION = YES;
				CLANG_WARN_NON_LITERAL_NULL_CONVERSION = YES;
				CLANG_WARN_OBJC_IMPLICIT_RETAIN_SELF = YES;
				CLANG_WARN_OBJC_LITERAL_CONVERSION = YES;
				CLANG_WARN_OBJC_ROOT_CLASS = YES_ERROR;
				CLANG_WARN_QUOTED_INCLUDE_IN_FRAMEWORK_HEADER = YES;
				CLANG_WARN_RANGE_LOOP_ANALYSIS = YES;
				CLANG_WARN_STRICT_PROTOTYPES = YES;
				CLANG_WARN_SUSPICIOUS_MOVE = YES;
				CLANG_WARN_UNGUARDED_AVAILABILITY = YES_AGGRESSIVE;
				CLANG_WARN_UNREACHABLE_CODE = YES;
				CLANG_WARN__DUPLICATE_METHOD_MATCH = YES;
				COPY_PHASE_STRIP = NO;
				DEBUG_INFORMATION_FORMAT = dwarf;
				ENABLE_STRICT_OBJC_MSGSEND = YES;
				ENABLE_TESTABILITY = YES;
				GCC_C_LANGUAGE_STANDARD = gnu11;
				GCC_DYNAMIC_NO_PIC = NO;
				GCC_NO_COMMON_BLOCKS = YES;
				GCC_OPTIMIZATION_LEVEL = 0;
				GCC_PREPROCESSOR_DEFINITIONS = (
					"DEBUG=1",
					"$(inherited)",
				);
				GCC_WARN_64_TO_32_BIT_CONVERSION = YES;
				GCC_WARN_ABOUT_RETURN_TYPE = YES_ERROR;
				GCC_WARN_UNDECLARED_SELECTOR = YES;
				GCC_WARN_UNINITIALIZED_AUTOS = YES_AGGRESSIVE;
				GCC_WARN_UNUSED_FUNCTION = YES;
				GCC_WARN_UNUSED_VARIABLE = YES;
				IPHONEOS_DEPLOYMENT_TARGET = 15.2;
				MTL_ENABLE_DEBUG_INFO = INCLUDE_SOURCE;
				MTL_FAST_MATH = YES;
				ONLY_ACTIVE_ARCH = YES;
				SDKROOT = iphoneos;
				SWIFT_ACTIVE_COMPILATION_CONDITIONS = DEBUG;
				SWIFT_OPTIMIZATION_LEVEL = "-Onone";
			};
			name = Debug;
		};
		11753A862E861BA3003B055D /* Release */ = {
			isa = XCBuildConfiguration;
			buildSettings = {
				ALWAYS_SEARCH_USER_PATHS = NO;
				CLANG_ANALYZER_NONNULL = YES;
				CLANG_ANALYZER_NUMBER_OBJECT_CONVERSION = YES_AGGRESSIVE;
				CLANG_CXX_LANGUAGE_STANDARD = "gnu++17";
				CLANG_CXX_LIBRARY = "libc++";
				CLANG_ENABLE_MODULES = YES;
				CLANG_ENABLE_OBJC_ARC = YES;
				CLANG_ENABLE_OBJC_WEAK = YES;
				CLANG_WARN_BLOCK_CAPTURE_AUTORELEASING = YES;
				CLANG_WARN_BOOL_CONVERSION = YES;
				CLANG_WARN_COMMA = YES;
				CLANG_WARN_CONSTANT_CONVERSION = YES;
				CLANG_WARN_DEPRECATED_OBJC_IMPLEMENTATIONS = YES;
				CLANG_WARN_DIRECT_OBJC_ISA_USAGE = YES_ERROR;
				CLANG_WARN_DOCUMENTATION_COMMENTS = YES;
				CLANG_WARN_EMPTY_BODY = YES;
				CLANG_WARN_ENUM_CONVERSION = YES;
				CLANG_WARN_INFINITE_RECURSION = YES;
				CLANG_WARN_INT_CONVERSION = YES;
				CLANG_WARN_NON_LITERAL_NULL_CONVERSION = YES;
				CLANG_WARN_OBJC_IMPLICIT_RETAIN_SELF = YES;
				CLANG_WARN_OBJC_LITERAL_CONVERSION = YES;
				CLANG_WARN_OBJC_ROOT_CLASS = YES_ERROR;
				CLANG_WARN_QUOTED_INCLUDE_IN_FRAMEWORK_HEADER = YES;
				CLANG_WARN_RANGE_LOOP_ANALYSIS = YES;
				CLANG_WARN_STRICT_PROTOTYPES = YES;
				CLANG_WARN_SUSPICIOUS_MOVE = YES;
				CLANG_WARN_UNGUARDED_AVAILABILITY = YES_AGGRESSIVE;
				CLANG_WARN_UNREACHABLE_CODE = YES;
				CLANG_WARN__DUPLICATE_METHOD_MATCH = YES;
				COPY_PHASE_STRIP = NO;
				DEBUG_INFORMATION_FORMAT = "dwarf-with-dsym";
				ENABLE_NS_ASSERTIONS = NO;
				ENABLE_STRICT_OBJC_MSGSEND = YES;
				GCC_C_LANGUAGE_STANDARD = gnu11;
				GCC_NO_COMMON_BLOCKS = YES;
				GCC_WARN_64_TO_32_BIT_CONVERSION = YES;
				GCC_WARN_ABOUT_RETURN_TYPE = YES_ERROR;
				GCC_WARN_UNDECLARED_SELECTOR = YES;
				GCC_WARN_UNINITIALIZED_AUTOS = YES_AGGRESSIVE;
				GCC_WARN_UNUSED_FUNCTION = YES;
				GCC_WARN_UNUSED_VARIABLE = YES;
				IPHONEOS_DEPLOYMENT_TARGET = 15.2;
				MTL_ENABLE_DEBUG_INFO = NO;
				MTL_FAST_MATH = YES;
				SDKROOT = iphoneos;
				SWIFT_COMPILATION_MODE = wholemodule;
				SWIFT_OPTIMIZATION_LEVEL = "-O";
				VALIDATE_PRODUCT = YES;
			};
			name = Release;
		};
		11753A882E861BA3003B055D /* Debug */ = {
			isa = XCBuildConfiguration;
			buildSettings = {
				ASSETCATALOG_COMPILER_APPICON_NAME = AppIcon;
				ASSETCATALOG_COMPILER_GLOBAL_ACCENT_COLOR_NAME = AccentColor;
				CODE_SIGN_STYLE = Automatic;
				CURRENT_PROJECT_VERSION = 1;
				DEVELOPMENT_ASSET_PATHS = "\"petros-app/Preview Content\"";
				ENABLE_PREVIEWS = YES;
				GENERATE_INFOPLIST_FILE = YES;
				INFOPLIST_KEY_UIApplicationSceneManifest_Generation = YES;
				INFOPLIST_KEY_UIApplicationSupportsIndirectInputEvents = YES;
				INFOPLIST_KEY_UILaunchScreen_Generation = YES;
				INFOPLIST_KEY_UISupportedInterfaceOrientations_iPad = "UIInterfaceOrientationPortrait UIInterfaceOrientationPortraitUpsideDown UIInterfaceOrientationLandscapeLeft UIInterfaceOrientationLandscapeRight";
				INFOPLIST_KEY_UISupportedInterfaceOrientations_iPhone = "UIInterfaceOrientationPortrait UIInterfaceOrientationLandscapeLeft UIInterfaceOrientationLandscapeRight";
				LD_RUNPATH_SEARCH_PATHS = (
					"$(inherited)",
					"@executable_path/Frameworks",
				);
				MARKETING_VERSION = 1.0;
				PRODUCT_BUNDLE_IDENTIFIER = "com.petros.petros-app";
				PRODUCT_NAME = "$(TARGET_NAME)";
				SWIFT_EMIT_LOC_STRINGS = YES;
				SWIFT_VERSION = 5.0;
				TARGETED_DEVICE_FAMILY = "1,2";
			};
			name = Debug;
		};
		11753A892E861BA3003B055D /* Release */ = {
			isa = XCBuildConfiguration;
			buildSettings = {
				ASSETCATALOG_COMPILER_APPICON_NAME = AppIcon;
				ASSETCATALOG_COMPILER_GLOBAL_ACCENT_COLOR_NAME = AccentColor;
				CODE_SIGN_STYLE = Automatic;
				CURRENT_PROJECT_VERSION = 1;
				DEVELOPMENT_ASSET_PATHS = "\"petros-app/Preview Content\"";
				ENABLE_PREVIEWS = YES;
				GENERATE_INFOPLIST_FILE = YES;
				INFOPLIST_KEY_UIApplicationSceneManifest_Generation = YES;
				INFOPLIST_KEY_UIApplicationSupportsIndirectInputEvents = YES;
				INFOPLIST_KEY_UILaunchScreen_Generation = YES;
				INFOPLIST_KEY_UISupportedInterfaceOrientations_iPad = "UIInterfaceOrientationPortrait UIInterfaceOrientationPortraitUpsideDown UIInterfaceOrientationLandscapeLeft UIInterfaceOrientationLandscapeRight";
				INFOPLIST_KEY_UISupportedInterfaceOrientations_iPhone = "UIInterfaceOrientationPortrait UIInterfaceOrientationLandscapeLeft UIInterfaceOrientationLandscapeRight";
				LD_RUNPATH_SEARCH_PATHS = (
					"$(inherited)",
					"@executable_path/Frameworks",
				);
				MARKETING_VERSION = 1.0;
				PRODUCT_BUNDLE_IDENTIFIER = "com.petros.petros-app";
				PRODUCT_NAME = "$(TARGET_NAME)";
				SWIFT_EMIT_LOC_STRINGS = YES;
				SWIFT_VERSION = 5.0;
				TARGETED_DEVICE_FAMILY = "1,2";
			};
			name = Release;
		};
		11753A8B2E861BA3003B055D /* Debug */ = {
			isa = XCBuildConfiguration;
			buildSettings = {
				ALWAYS_EMBED_SWIFT_STANDARD_LIBRARIES = YES;
				BUNDLE_LOADER = "$(TEST_HOST)";
				CODE_SIGN_STYLE = Automatic;
				CURRENT_PROJECT_VERSION = 1;
				GENERATE_INFOPLIST_FILE = YES;
				IPHONEOS_DEPLOYMENT_TARGET = 15.2;
				MARKETING_VERSION = 1.0;
				PRODUCT_BUNDLE_IDENTIFIER = "com.petros.petros-appTests";
				PRODUCT_NAME = "$(TARGET_NAME)";
				SWIFT_EMIT_LOC_STRINGS = NO;
				SWIFT_VERSION = 5.0;
				TARGETED_DEVICE_FAMILY = "1,2";
				TEST_HOST = "$(BUILT_PRODUCTS_DIR)/petros-app.app/petros-app";
			};
			name = Debug;
		};
		11753A8C2E861BA3003B055D /* Release */ = {
			isa = XCBuildConfiguration;
			buildSettings = {
				ALWAYS_EMBED_SWIFT_STANDARD_LIBRARIES = YES;
				BUNDLE_LOADER = "$(TEST_HOST)";
				CODE_SIGN_STYLE = Automatic;
				CURRENT_PROJECT_VERSION = 1;
				GENERATE_INFOPLIST_FILE = YES;
				IPHONEOS_DEPLOYMENT_TARGET = 15.2;
				MARKETING_VERSION = 1.0;
				PRODUCT_BUNDLE_IDENTIFIER = "com.petros.petros-appTests";
				PRODUCT_NAME = "$(TARGET_NAME)";
				SWIFT_EMIT_LOC_STRINGS = NO;
				SWIFT_VERSION = 5.0;
				TARGETED_DEVICE_FAMILY = "1,2";
				TEST_HOST = "$(BUILT_PRODUCTS_DIR)/petros-app.app/petros-app";
			};
			name = Release;
		};
		11753A8E2E861BA3003B055D /* Debug */ = {
			isa = XCBuildConfiguration;
			buildSettings = {
				ALWAYS_EMBED_SWIFT_STANDARD_LIBRARIES = YES;
				CODE_SIGN_STYLE = Automatic;
				CURRENT_PROJECT_VERSION = 1;
				GENERATE_INFOPLIST_FILE = YES;
				MARKETING_VERSION = 1.0;
				PRODUCT_BUNDLE_IDENTIFIER = "com.petros.petros-appUITests";
				PRODUCT_NAME = "$(TARGET_NAME)";
				SWIFT_EMIT_LOC_STRINGS = NO;
				SWIFT_VERSION = 5.0;
				TARGETED_DEVICE_FAMILY = "1,2";
				TEST_TARGET_NAME = "petros-app";
			};
			name = Debug;
		};
		11753A8F2E861BA3003B055D /* Release */ = {
			isa = XCBuildConfiguration;
			buildSettings = {
				ALWAYS_EMBED_SWIFT_STANDARD_LIBRARIES = YES;
				CODE_SIGN_STYLE = Automatic;
				CURRENT_PROJECT_VERSION = 1;
				GENERATE_INFOPLIST_FILE = YES;
				MARKETING_VERSION = 1.0;
				PRODUCT_BUNDLE_IDENTIFIER = "com.petros.petros-appUITests";
				PRODUCT_NAME = "$(TARGET_NAME)";
				SWIFT_EMIT_LOC_STRINGS = NO;
				SWIFT_VERSION = 5.0;
				TARGETED_DEVICE_FAMILY = "1,2";
				TEST_TARGET_NAME = "petros-app";
			};
			name = Release;
		};
/* End XCBuildConfiguration section */

/* Begin XCConfigurationList section */
		11753A5E2E861B9F003B055D /* Build configuration list for PBXProject "petros-app" */ = {
			isa = XCConfigurationList;
			buildConfigurations = (
				11753A852E861BA3003B055D /* Debug */,
				11753A862E861BA3003B055D /* Release */,
			);
			defaultConfigurationIsVisible = 0;
			defaultConfigurationName = Release;
		};
		11753A872E861BA3003B055D /* Build configuration list for PBXNativeTarget "petros-app" */ = {
			isa = XCConfigurationList;
			buildConfigurations = (
				11753A882E861BA3003B055D /* Debug */,
				11753A892E861BA3003B055D /* Release */,
			);
			defaultConfigurationIsVisible = 0;
			defaultConfigurationName = Release;
		};
		11753A8A2E861BA3003B055D /* Build configuration list for PBXNativeTarget "petros-appTests" */ = {
			isa = XCConfigurationList;
			buildConfigurations = (
				11753A8B2E861BA3003B055D /* Debug */,
				11753A8C2E861BA3003B055D /* Release */,
			);
			defaultConfigurationIsVisible = 0;
			defaultConfigurationName = Release;
		};
		11753A8D2E861BA3003B055D /* Build configuration list for PBXNativeTarget "petros-appUITests" */ = {
			isa = XCConfigurationList;
			buildConfigurations = (
				11753A8E2E861BA3003B055D /* Debug */,
				11753A8F2E861BA3003B055D /* Release */,
			);
			defaultConfigurationIsVisible = 0;
			defaultConfigurationName = Release;
		};
/* End XCConfigurationList section */
	};
	rootObject = 11753A5B2E861B9F003B055D /* Project object */;
}
